
Microsoft Visual Studio Solution File, Format Version 12.00
Project("{FAE04EC0-301F-11D3-BF4B-00C04F79EFBC}") = "Snake", "Snake\Snake.csproj", "{AF677B99-5052-48B3-A005-EA2455F02BDA}"
EndProject
Project("{FAE04EC0-301F-11D3-BF4B-00C04F79EFBC}") = "SnakeConsole", "SnakeConsole\SnakeConsole.csproj", "{D7823EAB-49B2-4C8C-9523-F4296BAE7AC5}"
EndProject
Global
	GlobalSection(SolutionConfigurationPlatforms) = preSolution
		Debug|Any CPU = Debug|Any CPU
		Release|Any CPU = Release|Any CPU
	EndGlobalSection
	GlobalSection(ProjectConfigurationPlatforms) = postSolution
		{AF677B99-5052-48B3-A005-EA2455F02BDA}.Debug|Any CPU.ActiveCfg = Debug|Any CPU
		{AF677B99-5052-48B3-A005-EA2455F02BDA}.Debug|Any CPU.Build.0 = Debug|Any CPU
		{AF677B99-5052-48B3-A005-EA2455F02BDA}.Release|Any CPU.ActiveCfg = Release|Any CPU
		{AF677B99-5052-48B3-A005-EA2455F02BDA}.Release|Any CPU.Build.0 = Release|Any CPU
		{D7823EAB-49B2-4C8C-9523-F4296BAE7AC5}.Debug|Any CPU.ActiveCfg = Debug|Any CPU
		{D7823EAB-49B2-4C8C-9523-F4296BAE7AC5}.Debug|Any CPU.Build.0 = Debug|Any CPU
		{D7823EAB-49B2-4C8C-9523-F4296BAE7AC5}.Release|Any CPU.ActiveCfg = Release|Any CPU
		{D7823EAB-49B2-4C8C-9523-F4296BAE7AC5}.Release|Any CPU.Build.0 = Release|Any CPU
	EndGlobalSection
EndGlobal
